// !$*UTF8*$!
{
	archiveVersion = 1;
	classes = {
	};
	objectVersion = 50;
	objects = {

/* Begin PBXBuildFile section */
		3994C6F922FDC9E600AC6581 /* AppDelegate.swift in Sources */ = {isa = PBXBuildFile; fileRef = 3994C6F822FDC9E600AC6581 /* AppDelegate.swift */; };
		3994C6FB22FDC9E600AC6581 /* ViewController.swift in Sources */ = {isa = PBXBuildFile; fileRef = 3994C6FA22FDC9E600AC6581 /* ViewController.swift */; };
		3994C6FE22FDC9E600AC6581 /* Main.storyboard in Resources */ = {isa = PBXBuildFile; fileRef = 3994C6FC22FDC9E600AC6581 /* Main.storyboard */; };
		3994C70022FDC9E800AC6581 /* Assets.xcassets in Resources */ = {isa = PBXBuildFile; fileRef = 3994C6FF22FDC9E800AC6581 /* Assets.xcassets */; };
		3994C70322FDC9E800AC6581 /* LaunchScreen.storyboard in Resources */ = {isa = PBXBuildFile; fileRef = 3994C70122FDC9E800AC6581 /* LaunchScreen.storyboard */; };
		3994C71022FDD9C600AC6581 /* Resnet50.mlmodel in Sources */ = {isa = PBXBuildFile; fileRef = 3994C70A22FDCC1A00AC6581 /* Resnet50.mlmodel */; };
/* End PBXBuildFile section */

/* Begin PBXFileReference section */
		3994C6F522FDC9E600AC6581 /* visionPractice.app */ = {isa = PBXFileReference; explicitFileType = wrapper.application; includeInIndex = 0; path = visionPractice.app; sourceTree = BUILT_PRODUCTS_DIR; };
		3994C6F822FDC9E600AC6581 /* AppDelegate.swift */ = {isa = PBXFileReference; lastKnownFileType = sourcecode.swift; path = AppDelegate.swift; sourceTree = "<group>"; };
		3994C6FA22FDC9E600AC6581 /* ViewController.swift */ = {isa = PBXFileReference; lastKnownFileType = sourcecode.swift; path = ViewController.swift; sourceTree = "<group>"; };
		3994C6FD22FDC9E600AC6581 /* Base */ = {isa = PBXFileReference; lastKnownFileType = file.storyboard; name = Base; path = Base.lproj/Main.storyboard; sourceTree = "<group>"; };
		3994C6FF22FDC9E800AC6581 /* Assets.xcassets */ = {isa = PBXFileReference; lastKnownFileType = folder.assetcatalog; path = Assets.xcassets; sourceTree = "<group>"; };
		3994C70222FDC9E800AC6581 /* Base */ = {isa = PBXFileReference; lastKnownFileType = file.storyboard; name = Base; path = Base.lproj/LaunchScreen.storyboard; sourceTree = "<group>"; };
		3994C70422FDC9E800AC6581 /* Info.plist */ = {isa = PBXFileReference; lastKnownFileType = text.plist.xml; path = Info.plist; sourceTree = "<group>"; };
		3994C70A22FDCC1A00AC6581 /* Resnet50.mlmodel */ = {isa = PBXFileReference; lastKnownFileType = file.mlmodel; path = Resnet50.mlmodel; sourceTree = "<group>"; };
		3994C70D22FDCCFE00AC6581 /* AVFoundation.framework */ = {isa = PBXFileReference; lastKnownFileType = wrapper.framework; name = AVFoundation.framework; path = System/Library/Frameworks/AVFoundation.framework; sourceTree = SDKROOT; };
/* End PBXFileReference section */

/* Begin PBXFrameworksBuildPhase section */
		3994C6F222FDC9E600AC6581 /* Frameworks */ = {
			isa = PBXFrameworksBuildPhase;
			buildActionMask = 2147483647;
			files = (
			);
			runOnlyForDeploymentPostprocessing = 0;
		};
/* End PBXFrameworksBuildPhase section */

/* Begin PBXGroup section */
		3994C6EC22FDC9E600AC6581 = {
			isa = PBXGroup;
			children = (
				3994C6F722FDC9E600AC6581 /* visionPractice */,
				3994C6F622FDC9E600AC6581 /* Products */,
				3994C70C22FDCCFE00AC6581 /* Frameworks */,
			);
			sourceTree = "<group>";
		};
		3994C6F622FDC9E600AC6581 /* Products */ = {
			isa = PBXGroup;
			children = (
				3994C6F522FDC9E600AC6581 /* visionPractice.app */,
			);
			name = Products;
			sourceTree = "<group>";
		};
		3994C6F722FDC9E600AC6581 /* visionPractice */ = {
			isa = PBXGroup;
			children = (
				3994C6F822FDC9E600AC6581 /* AppDelegate.swift */,
				3994C6FA22FDC9E600AC6581 /* ViewController.swift */,
				3994C70A22FDCC1A00AC6581 /* Resnet50.mlmodel */,
				3994C6FC22FDC9E600AC6581 /* Main.storyboard */,
				3994C6FF22FDC9E800AC6581 /* Assets.xcassets */,
				3994C70122FDC9E800AC6581 /* LaunchScreen.storyboard */,
				3994C70422FDC9E800AC6581 /* Info.plist */,
			);
			path = visionPractice;
			sourceTree = "<group>";
		};
		3994C70C22FDCCFE00AC6581 /* Frameworks */ = {
			isa = PBXGroup;
			children = (
				3994C70D22FDCCFE00AC6581 /* AVFoundation.framework */,
			);
			name = Frameworks;
			sourceTree = "<group>";
		};
/* End PBXGroup section */

/* Begin PBXNativeTarget section */
		3994C6F422FDC9E600AC6581 /* visionPractice */ = {
			isa = PBXNativeTarget;
			buildConfigurationList = 3994C70722FDC9E800AC6581 /* Build configuration list for PBXNativeTarget "visionPractice" */;
			buildPhases = (
				3994C6F122FDC9E600AC6581 /* Sources */,
				3994C6F222FDC9E600AC6581 /* Frameworks */,
				3994C6F322FDC9E600AC6581 /* Resources */,
			);
			buildRules = (
			);
			dependencies = (
			);
			name = visionPractice;
			productName = visionPractice;
			productReference = 3994C6F522FDC9E600AC6581 /* visionPractice.app */;
			productType = "com.apple.product-type.application";
		};
/* End PBXNativeTarget section */

/* Begin PBXProject section */
		3994C6ED22FDC9E600AC6581 /* Project object */ = {
			isa = PBXProject;
			attributes = {
				LastSwiftUpdateCheck = 1030;
				LastUpgradeCheck = 1030;
				ORGANIZATIONNAME = "藤山裕輝";
				TargetAttributes = {
					3994C6F422FDC9E600AC6581 = {
						CreatedOnToolsVersion = 10.3;
					};
				};
			};
			buildConfigurationList = 3994C6F022FDC9E600AC6581 /* Build configuration list for PBXProject "visionPractice" */;
			compatibilityVersion = "Xcode 9.3";
			developmentRegion = en;
			hasScannedForEncodings = 0;
			knownRegions = (
				en,
				Base,
			);
			mainGroup = 3994C6EC22FDC9E600AC6581;
			productRefGroup = 3994C6F622FDC9E600AC6581 /* Products */;
			projectDirPath = "";
			projectRoot = "";
			targets = (
				3994C6F422FDC9E600AC6581 /* visionPractice */,
			);
		};
/* End PBXProject section */

/* Begin PBXResourcesBuildPhase section */
		3994C6F322FDC9E600AC6581 /* Resources */ = {
			isa = PBXResourcesBuildPhase;
			buildActionMask = 2147483647;
			files = (
				3994C70322FDC9E800AC6581 /* LaunchScreen.storyboard in Resources */,
				3994C70022FDC9E800AC6581 /* Assets.xcassets in Resources */,
				3994C6FE22FDC9E600AC6581 /* Main.storyboard in Resources */,
			);
			runOnlyForDeploymentPostprocessing = 0;
		};
/* End PBXResourcesBuildPhase section */

/* Begin PBXSourcesBuildPhase section */
		3994C6F122FDC9E600AC6581 /* Sources */ = {
			isa = PBXSourcesBuildPhase;
			buildActionMask = 2147483647;
			files = (
				3994C71022FDD9C600AC6581 /* Resnet50.mlmodel in Sources */,
				3994C6FB22FDC9E600AC6581 /* ViewController.swift in Sources */,
				3994C6F922FDC9E600AC6581 /* AppDelegate.swift in Sources */,
			);
			runOnlyForDeploymentPostprocessing = 0;
		};
/* End PBXSourcesBuildPhase section */

/* Begin PBXVariantGroup section */
		3994C6FC22FDC9E600AC6581 /* Main.storyboard */ = {
			isa = PBXVariantGroup;
			children = (
				3994C6FD22FDC9E600AC6581 /* Base */,
			);
			name = Main.storyboard;
			sourceTree = "<group>";
		};
		3994C70122FDC9E800AC6581 /* LaunchScreen.storyboard */ = {
			isa = PBXVariantGroup;
			children = (
				3994C70222FDC9E800AC6581 /* Base */,
			);
			name = LaunchScreen.storyboard;
			sourceTree = "<group>";
		};
/* End PBXVariantGroup section */

/* Begin XCBuildConfiguration section */
		3994C70522FDC9E800AC6581 /* Debug */ = {
			isa = XCBuildConfiguration;
			buildSettings = {
				ALWAYS_SEARCH_USER_PATHS = NO;
				CLANG_ANALYZER_NONNULL = YES;
				CLANG_ANALYZER_NUMBER_OBJECT_CONVERSION = YES_AGGRESSIVE;
				CLANG_CXX_LANGUAGE_STANDARD = "gnu++14";
				CLANG_CXX_LIBRARY = "libc++";
				CLANG_ENABLE_MODULES = YES;
				CLANG_ENABLE_OBJC_ARC = YES;
				CLANG_ENABLE_OBJC_WEAK = YES;
				CLANG_WARN_BLOCK_CAPTURE_AUTORELEASING = YES;
				CLANG_WARN_BOOL_CONVERSION = YES;
				CLANG_WARN_COMMA = YES;
				CLANG_WARN_CONSTANT_CONVERSION = YES;
				CLANG_WARN_DEPRECATED_OBJC_IMPLEMENTATIONS = YES;
				CLANG_WARN_DIRECT_OBJC_ISA_USAGE = YES_ERROR;
				CLANG_WARN_DOCUMENTATION_COMMENTS = YES;
				CLANG_WARN_EMPTY_BODY = YES;
				CLANG_WARN_ENUM_CONVERSION = YES;
				CLANG_WARN_INFINITE_RECURSION = YES;
				CLANG_WARN_INT_CONVERSION = YES;
				CLANG_WARN_NON_LITERAL_NULL_CONVERSION = YES;
				CLANG_WARN_OBJC_IMPLICIT_RETAIN_SELF = YES;
				CLANG_WARN_OBJC_LITERAL_CONVERSION = YES;
				CLANG_WARN_OBJC_ROOT_CLASS = YES_ERROR;
				CLANG_WARN_RANGE_LOOP_ANALYSIS = YES;
				CLANG_WARN_STRICT_PROTOTYPES = YES;
				CLANG_WARN_SUSPICIOUS_MOVE = YES;
				CLANG_WARN_UNGUARDED_AVAILABILITY = YES_AGGRESSIVE;
				CLANG_WARN_UNREACHABLE_CODE = YES;
				CLANG_WARN__DUPLICATE_METHOD_MATCH = YES;
				CODE_SIGN_IDENTITY = "iPhone Developer";
				COPY_PHASE_STRIP = NO;
				DEBUG_INFORMATION_FORMAT = dwarf;
				ENABLE_STRICT_OBJC_MSGSEND = YES;
				ENABLE_TESTABILITY = YES;
				GCC_C_LANGUAGE_STANDARD = gnu11;
				GCC_DYNAMIC_NO_PIC = NO;
				GCC_NO_COMMON_BLOCKS = YES;
				GCC_OPTIMIZATION_LEVEL = 0;
				GCC_PREPROCESSOR_DEFINITIONS = (
					"DEBUG=1",
					"$(inherited)",
				);
				GCC_WARN_64_TO_32_BIT_CONVERSION = YES;
				GCC_WARN_ABOUT_RETURN_TYPE = YES_ERROR;
				GCC_WARN_UNDECLARED_SELECTOR = YES;
				GCC_WARN_UNINITIALIZED_AUTOS = YES_AGGRESSIVE;
				GCC_WARN_UNUSED_FUNCTION = YES;
				GCC_WARN_UNUSED_VARIABLE = YES;
				IPHONEOS_DEPLOYMENT_TARGET = 12.4;
				MTL_ENABLE_DEBUG_INFO = INCLUDE_SOURCE;
				MTL_FAST_MATH = YES;
				ONLY_ACTIVE_ARCH = YES;
				SDKROOT = iphoneos;
				SWIFT_ACTIVE_COMPILATION_CONDITIONS = DEBUG;
				SWIFT_OPTIMIZATION_LEVEL = "-Onone";
			};
			name = Debug;
		};
		3994C70622FDC9E800AC6581 /* Release */ = {
			isa = XCBuildConfiguration;
			buildSettings = {
				ALWAYS_SEARCH_USER_PATHS = NO;
				CLANG_ANALYZER_NONNULL = YES;
				CLANG_ANALYZER_NUMBER_OBJECT_CONVERSION = YES_AGGRESSIVE;
				CLANG_CXX_LANGUAGE_STANDARD = "gnu++14";
				CLANG_CXX_LIBRARY = "libc++";
				CLANG_ENABLE_MODULES = YES;
				CLANG_ENABLE_OBJC_ARC = YES;
				CLANG_ENABLE_OBJC_WEAK = YES;
				CLANG_WARN_BLOCK_CAPTURE_AUTORELEASING = YES;
				CLANG_WARN_BOOL_CONVERSION = YES;
				CLANG_WARN_COMMA = YES;
				CLANG_WARN_CONSTANT_CONVERSION = YES;
				CLANG_WARN_DEPRECATED_OBJC_IMPLEMENTATIONS = YES;
				CLANG_WARN_DIRECT_OBJC_ISA_USAGE = YES_ERROR;
				CLANG_WARN_DOCUMENTATION_COMMENTS = YES;
				CLANG_WARN_EMPTY_BODY = YES;
				CLANG_WARN_ENUM_CONVERSION = YES;
				CLANG_WARN_INFINITE_RECURSION = YES;
				CLANG_WARN_INT_CONVERSION = YES;
				CLANG_WARN_NON_LITERAL_NULL_CONVERSION = YES;
				CLANG_WARN_OBJC_IMPLICIT_RETAIN_SELF = YES;
				CLANG_WARN_OBJC_LITERAL_CONVERSION = YES;
				CLANG_WARN_OBJC_ROOT_CLASS = YES_ERROR;
				CLANG_WARN_RANGE_LOOP_ANALYSIS = YES;
				CLANG_WARN_STRICT_PROTOTYPES = YES;
				CLANG_WARN_SUSPICIOUS_MOVE = YES;
				CLANG_WARN_UNGUARDED_AVAILABILITY = YES_AGGRESSIVE;
				CLANG_WARN_UNREACHABLE_CODE = YES;
				CLANG_WARN__DUPLICATE_METHOD_MATCH = YES;
				CODE_SIGN_IDENTITY = "iPhone Developer";
				COPY_PHASE_STRIP = NO;
				DEBUG_INFORMATION_FORMAT = "dwarf-with-dsym";
				ENABLE_NS_ASSERTIONS = NO;
				ENABLE_STRICT_OBJC_MSGSEND = YES;
				GCC_C_LANGUAGE_STANDARD = gnu11;
				GCC_NO_COMMON_BLOCKS = YES;
				GCC_WARN_64_TO_32_BIT_CONVERSION = YES;
				GCC_WARN_ABOUT_RETURN_TYPE = YES_ERROR;
				GCC_WARN_UNDECLARED_SELECTOR = YES;
				GCC_WARN_UNINITIALIZED_AUTOS = YES_AGGRESSIVE;
				GCC_WARN_UNUSED_FUNCTION = YES;
				GCC_WARN_UNUSED_VARIABLE = YES;
				IPHONEOS_DEPLOYMENT_TARGET = 12.4;
				MTL_ENABLE_DEBUG_INFO = NO;
				MTL_FAST_MATH = YES;
				SDKROOT = iphoneos;
				SWIFT_COMPILATION_MODE = wholemodule;
				SWIFT_OPTIMIZATION_LEVEL = "-O";
				VALIDATE_PRODUCT = YES;
			};
			name = Release;
		};
		3994C70822FDC9E800AC6581 /* Debug */ = {
			isa = XCBuildConfiguration;
			buildSettings = {
				ASSETCATALOG_COMPILER_APPICON_NAME = AppIcon;
				CODE_SIGN_STYLE = Automatic;
				DEVELOPMENT_TEAM = GYBV5SV6TY;
				INFOPLIST_FILE = visionPractice/Info.plist;
				LD_RUNPATH_SEARCH_PATHS = (
					"$(inherited)",
					"@executable_path/Frameworks",
				);
				PRODUCT_BUNDLE_IDENTIFIER = com.touchanman.visionPractice;
				PRODUCT_NAME = "$(TARGET_NAME)";
				SWIFT_VERSION = 5.0;
				TARGETED_DEVICE_FAMILY = "1,2";
			};
			name = Debug;
		};
		3994C70922FDC9E800AC6581 /* Release */ = {
			isa = XCBuildConfiguration;
			buildSettings = {
				ASSETCATALOG_COMPILER_APPICON_NAME = AppIcon;
				CODE_SIGN_STYLE = Automatic;
				DEVELOPMENT_TEAM = GYBV5SV6TY;
				INFOPLIST_FILE = visionPractice/Info.plist;
				LD_RUNPATH_SEARCH_PATHS = (
					"$(inherited)",
					"@executable_path/Frameworks",
				);
				PRODUCT_BUNDLE_IDENTIFIER = com.touchanman.visionPractice;
				PRODUCT_NAME = "$(TARGET_NAME)";
				SWIFT_VERSION = 5.0;
				TARGETED_DEVICE_FAMILY = "1,2";
			};
			name = Release;
		};
/* End XCBuildConfiguration section */

/* Begin XCConfigurationList section */
		3994C6F022FDC9E600AC6581 /* Build configuration list for PBXProject "visionPractice" */ = {
			isa = XCConfigurationList;
			buildConfigurations = (
				3994C70522FDC9E800AC6581 /* Debug */,
				3994C70622FDC9E800AC6581 /* Release */,
			);
			defaultConfigurationIsVisible = 0;
			defaultConfigurationName = Release;
		};
		3994C70722FDC9E800AC6581 /* Build configuration list for PBXNativeTarget "visionPractice" */ = {
			isa = XCConfigurationList;
			buildConfigurations = (
				3994C70822FDC9E800AC6581 /* Debug */,
				3994C70922FDC9E800AC6581 /* Release */,
			);
			defaultConfigurationIsVisible = 0;
			defaultConfigurationName = Release;
		};
/* End XCConfigurationList section */
	};
	rootObject = 3994C6ED22FDC9E600AC6581 /* Project object */;
}
